
Microsoft Visual Studio Solution File, Format Version 12.00
# Visual Studio 14
VisualStudioVersion = 14.0.24720.0
MinimumVisualStudioVersion = 10.0.40219.1
Project("{FAE04EC0-301F-11D3-BF4B-00C04F79EFBC}") = "SportsStore.Domain", "SportsStore.Domain\SportsStore.Domain.csproj", "{0E11FD3C-2910-4264-9D30-1B4B642165DB}"
EndProject
Project("{FAE04EC0-301F-11D3-BF4B-00C04F79EFBC}") = "SportsStore.UnitTests", "SportsStore.UnitTests\SportsStore.UnitTests.csproj", "{34DE81D4-000E-4C01-857D-91B3AD9809BA}"
EndProject
Project("{FAE04EC0-301F-11D3-BF4B-00C04F79EFBC}") = "SportsStore.WebUI", "SportsStore.WebUI\SportsStore.WebUI.csproj", "{7D10CA50-5C84-4E7C-92FD-A8A9D4C23FDE}"
EndProject
Global
	GlobalSection(SolutionConfigurationPlatforms) = preSolution
		Debug|Any CPU = Debug|Any CPU
		Release|Any CPU = Release|Any CPU
	EndGlobalSection
	GlobalSection(ProjectConfigurationPlatforms) = postSolution
		{0E11FD3C-2910-4264-9D30-1B4B642165DB}.Debug|Any CPU.ActiveCfg = Debug|Any CPU
		{0E11FD3C-2910-4264-9D30-1B4B642165DB}.Debug|Any CPU.Build.0 = Debug|Any CPU
		{0E11FD3C-2910-4264-9D30-1B4B642165DB}.Release|Any CPU.ActiveCfg = Release|Any CPU
		{0E11FD3C-2910-4264-9D30-1B4B642165DB}.Release|Any CPU.Build.0 = Release|Any CPU
		{34DE81D4-000E-4C01-857D-91B3AD9809BA}.Debug|Any CPU.ActiveCfg = Debug|Any CPU
		{34DE81D4-000E-4C01-857D-91B3AD9809BA}.Debug|Any CPU.Build.0 = Debug|Any CPU
		{34DE81D4-000E-4C01-857D-91B3AD9809BA}.Release|Any CPU.ActiveCfg = Release|Any CPU
		{34DE81D4-000E-4C01-857D-91B3AD9809BA}.Release|Any CPU.Build.0 = Release|Any CPU
		{7D10CA50-5C84-4E7C-92FD-A8A9D4C23FDE}.Debug|Any CPU.ActiveCfg = Debug|Any CPU
		{7D10CA50-5C84-4E7C-92FD-A8A9D4C23FDE}.Debug|Any CPU.Build.0 = Debug|Any CPU
		{7D10CA50-5C84-4E7C-92FD-A8A9D4C23FDE}.Release|Any CPU.ActiveCfg = Release|Any CPU
		{7D10CA50-5C84-4E7C-92FD-A8A9D4C23FDE}.Release|Any CPU.Build.0 = Release|Any CPU
	EndGlobalSection
	GlobalSection(SolutionProperties) = preSolution
		HideSolutionNode = FALSE
	EndGlobalSection
EndGlobal
